
Microsoft Visual Studio Solution File, Format Version 12.00
# Visual Studio Version 17
VisualStudioVersion = 17.11.35303.130
MinimumVisualStudioVersion = 10.0.40219.1
Project("{9A19103F-16F7-4668-BE54-9A1E7A4F7556}") = "Foodie.DataAccessLayer", "Foodie.DataAccessLayer\Foodie.DataAccessLayer.csproj", "{62447484-D95C-41F3-8515-A6EA1F1248ED}"
EndProject
Project("{9A19103F-16F7-4668-BE54-9A1E7A4F7556}") = "Foodie.BusinesAccessLayer", "Foodie.BusinesAccessLayer\Foodie.BusinesAccessLayer.csproj", "{F501E264-646A-4E5A-986E-D1EFE8FE6184}"
EndProject
Project("{9A19103F-16F7-4668-BE54-9A1E7A4F7556}") = "Foodie.ManagementAPI", "Foodie.ManagementAPI\Foodie.ManagementAPI.csproj", "{F39F933D-E91A-4AE6-95CF-1912C73B3A27}"
EndProject
Project("{9A19103F-16F7-4668-BE54-9A1E7A4F7556}") = "Foodie.Service", "Foodie.Service\Foodie.Service.csproj", "{88406271-FD1D-48DD-8E52-7D5AA81D7316}"
EndProject
Project("{9A19103F-16F7-4668-BE54-9A1E7A4F7556}") = "Foodie.WebClient", "Foodie.WebClient\Foodie.WebClient.csproj", "{5C453C2C-CE91-4561-B0B8-367D0D946DB5}"
EndProject
Global
	GlobalSection(SolutionConfigurationPlatforms) = preSolution
		Debug|Any CPU = Debug|Any CPU
		Release|Any CPU = Release|Any CPU
	EndGlobalSection
	GlobalSection(ProjectConfigurationPlatforms) = postSolution
		{62447484-D95C-41F3-8515-A6EA1F1248ED}.Debug|Any CPU.ActiveCfg = Debug|Any CPU
		{62447484-D95C-41F3-8515-A6EA1F1248ED}.Debug|Any CPU.Build.0 = Debug|Any CPU
		{62447484-D95C-41F3-8515-A6EA1F1248ED}.Release|Any CPU.ActiveCfg = Release|Any CPU
		{62447484-D95C-41F3-8515-A6EA1F1248ED}.Release|Any CPU.Build.0 = Release|Any CPU
		{F501E264-646A-4E5A-986E-D1EFE8FE6184}.Debug|Any CPU.ActiveCfg = Debug|Any CPU
		{F501E264-646A-4E5A-986E-D1EFE8FE6184}.Debug|Any CPU.Build.0 = Debug|Any CPU
		{F501E264-646A-4E5A-986E-D1EFE8FE6184}.Release|Any CPU.ActiveCfg = Release|Any CPU
		{F501E264-646A-4E5A-986E-D1EFE8FE6184}.Release|Any CPU.Build.0 = Release|Any CPU
		{F39F933D-E91A-4AE6-95CF-1912C73B3A27}.Debug|Any CPU.ActiveCfg = Debug|Any CPU
		{F39F933D-E91A-4AE6-95CF-1912C73B3A27}.Debug|Any CPU.Build.0 = Debug|Any CPU
		{F39F933D-E91A-4AE6-95CF-1912C73B3A27}.Release|Any CPU.ActiveCfg = Release|Any CPU
		{F39F933D-E91A-4AE6-95CF-1912C73B3A27}.Release|Any CPU.Build.0 = Release|Any CPU
		{88406271-FD1D-48DD-8E52-7D5AA81D7316}.Debug|Any CPU.ActiveCfg = Debug|Any CPU
		{88406271-FD1D-48DD-8E52-7D5AA81D7316}.Debug|Any CPU.Build.0 = Debug|Any CPU
		{88406271-FD1D-48DD-8E52-7D5AA81D7316}.Release|Any CPU.ActiveCfg = Release|Any CPU
		{88406271-FD1D-48DD-8E52-7D5AA81D7316}.Release|Any CPU.Build.0 = Release|Any CPU
		{5C453C2C-CE91-4561-B0B8-367D0D946DB5}.Debug|Any CPU.ActiveCfg = Debug|Any CPU
		{5C453C2C-CE91-4561-B0B8-367D0D946DB5}.Debug|Any CPU.Build.0 = Debug|Any CPU
		{5C453C2C-CE91-4561-B0B8-367D0D946DB5}.Release|Any CPU.ActiveCfg = Release|Any CPU
		{5C453C2C-CE91-4561-B0B8-367D0D946DB5}.Release|Any CPU.Build.0 = Release|Any CPU
	EndGlobalSection
	GlobalSection(SolutionProperties) = preSolution
		HideSolutionNode = FALSE
	EndGlobalSection
	GlobalSection(ExtensibilityGlobals) = postSolution
		SolutionGuid = {0334E71D-2A63-486D-92F2-CC8E01901B9A}
	EndGlobalSection
EndGlobal
